
Microsoft Visual Studio Solution File, Format Version 12.00
# Visual Studio Version 17
VisualStudioVersion = 17.8.34525.116
MinimumVisualStudioVersion = 10.0.40219.1
Project("{FAE04EC0-301F-11D3-BF4B-00C04F79EFBC}") = "Entwicklerheld", "Entwicklerheld\Entwicklerheld.csproj", "{A26E3F6B-53FB-4FF4-B721-26097435AB8D}"
EndProject
Global
	GlobalSection(SolutionConfigurationPlatforms) = preSolution
		Debug|Any CPU = Debug|Any CPU
		Release|Any CPU = Release|Any CPU
	EndGlobalSection
	GlobalSection(ProjectConfigurationPlatforms) = postSolution
		{A26E3F6B-53FB-4FF4-B721-26097435AB8D}.Debug|Any CPU.ActiveCfg = Debug|Any CPU
		{A26E3F6B-53FB-4FF4-B721-26097435AB8D}.Debug|Any CPU.Build.0 = Debug|Any CPU
		{A26E3F6B-53FB-4FF4-B721-26097435AB8D}.Release|Any CPU.ActiveCfg = Release|Any CPU
		{A26E3F6B-53FB-4FF4-B721-26097435AB8D}.Release|Any CPU.Build.0 = Release|Any CPU
	EndGlobalSection
	GlobalSection(SolutionProperties) = preSolution
		HideSolutionNode = FALSE
	EndGlobalSection
	GlobalSection(ExtensibilityGlobals) = postSolution
		SolutionGuid = {5D395E08-832A-4028-8388-179227398815}
	EndGlobalSection
EndGlobal
